
Microsoft Visual Studio Solution File, Format Version 12.00
# Visual Studio Version 17
VisualStudioVersion = 17.4.33205.214
MinimumVisualStudioVersion = 10.0.40219.1
Project("{888888A0-9F3D-457C-B088-3A5042F75D52}") = "spiskipraktilinetöö", "spiskipraktilinetöö\spiskipraktilinetöö.pyproj", "{969A4347-E7BF-427A-A0CE-73EBCBDD1876}"
EndProject
Global
	GlobalSection(SolutionConfigurationPlatforms) = preSolution
		Debug|Any CPU = Debug|Any CPU
		Release|Any CPU = Release|Any CPU
	EndGlobalSection
	GlobalSection(ProjectConfigurationPlatforms) = postSolution
		{969A4347-E7BF-427A-A0CE-73EBCBDD1876}.Debug|Any CPU.ActiveCfg = Debug|Any CPU
		{969A4347-E7BF-427A-A0CE-73EBCBDD1876}.Release|Any CPU.ActiveCfg = Release|Any CPU
	EndGlobalSection
	GlobalSection(SolutionProperties) = preSolution
		HideSolutionNode = FALSE
	EndGlobalSection
	GlobalSection(ExtensibilityGlobals) = postSolution
		SolutionGuid = {86BA10E9-C544-4421-9BD0-EBBDDA23FC28}
	EndGlobalSection
EndGlobal
